// !$*UTF8*$!
{
	archiveVersion = 1;
	classes = {
	};
	objectVersion = 46;
	objects = {

/* Begin PBXBuildFile section */
		87926C0415BBF1CC00697C91 /* UIKit.framework in Frameworks */ = {isa = PBXBuildFile; fileRef = 87926C0315BBF1CC00697C91 /* UIKit.framework */; };
		87926C0615BBF1CC00697C91 /* Foundation.framework in Frameworks */ = {isa = PBXBuildFile; fileRef = 87926C0515BBF1CC00697C91 /* Foundation.framework */; };
		87926C0815BBF1CC00697C91 /* CoreGraphics.framework in Frameworks */ = {isa = PBXBuildFile; fileRef = 87926C0715BBF1CC00697C91 /* CoreGraphics.framework */; };
		87926C0E15BBF1CC00697C91 /* InfoPlist.strings in Resources */ = {isa = PBXBuildFile; fileRef = 87926C0C15BBF1CC00697C91 /* InfoPlist.strings */; };
		87926C1015BBF1CC00697C91 /* main.m in Sources */ = {isa = PBXBuildFile; fileRef = 87926C0F15BBF1CC00697C91 /* main.m */; };
		87926C1415BBF1CC00697C91 /* studio_iLeafAppDelegate.m in Sources */ = {isa = PBXBuildFile; fileRef = 87926C1315BBF1CC00697C91 /* studio_iLeafAppDelegate.m */; };
		87926C1715BBF1CC00697C91 /* MainStoryboard.storyboard in Resources */ = {isa = PBXBuildFile; fileRef = 87926C1515BBF1CC00697C91 /* MainStoryboard.storyboard */; };
		87926C1A15BBF1CC00697C91 /* studio_iLeafMasterViewController.m in Sources */ = {isa = PBXBuildFile; fileRef = 87926C1915BBF1CC00697C91 /* studio_iLeafMasterViewController.m */; };
		87926C1D15BBF1CC00697C91 /* studio_iLeafDetailViewController.m in Sources */ = {isa = PBXBuildFile; fileRef = 87926C1C15BBF1CC00697C91 /* studio_iLeafDetailViewController.m */; };
/* End PBXBuildFile section */

/* Begin PBXFileReference section */
		87926BFF15BBF1CC00697C91 /* SimpleTable.app */ = {isa = PBXFileReference; explicitFileType = wrapper.application; includeInIndex = 0; path = SimpleTable.app; sourceTree = BUILT_PRODUCTS_DIR; };
		87926C0315BBF1CC00697C91 /* UIKit.framework */ = {isa = PBXFileReference; lastKnownFileType = wrapper.framework; name = UIKit.framework; path = System/Library/Frameworks/UIKit.framework; sourceTree = SDKROOT; };
		87926C0515BBF1CC00697C91 /* Foundation.framework */ = {isa = PBXFileReference; lastKnownFileType = wrapper.framework; name = Foundation.framework; path = System/Library/Frameworks/Foundation.framework; sourceTree = SDKROOT; };
		87926C0715BBF1CC00697C91 /* CoreGraphics.framework */ = {isa = PBXFileReference; lastKnownFileType = wrapper.framework; name = CoreGraphics.framework; path = System/Library/Frameworks/CoreGraphics.framework; sourceTree = SDKROOT; };
		87926C0B15BBF1CC00697C91 /* SimpleTable-Info.plist */ = {isa = PBXFileReference; lastKnownFileType = text.plist.xml; path = "SimpleTable-Info.plist"; sourceTree = "<group>"; };
		87926C0D15BBF1CC00697C91 /* en */ = {isa = PBXFileReference; lastKnownFileType = text.plist.strings; name = en; path = en.lproj/InfoPlist.strings; sourceTree = "<group>"; };
		87926C0F15BBF1CC00697C91 /* main.m */ = {isa = PBXFileReference; lastKnownFileType = sourcecode.c.objc; path = main.m; sourceTree = "<group>"; };
		87926C1115BBF1CC00697C91 /* SimpleTable-Prefix.pch */ = {isa = PBXFileReference; lastKnownFileType = sourcecode.c.h; path = "SimpleTable-Prefix.pch"; sourceTree = "<group>"; };
		87926C1215BBF1CC00697C91 /* studio_iLeafAppDelegate.h */ = {isa = PBXFileReference; lastKnownFileType = sourcecode.c.h; path = studio_iLeafAppDelegate.h; sourceTree = "<group>"; };
		87926C1315BBF1CC00697C91 /* studio_iLeafAppDelegate.m */ = {isa = PBXFileReference; lastKnownFileType = sourcecode.c.objc; path = studio_iLeafAppDelegate.m; sourceTree = "<group>"; };
		87926C1615BBF1CC00697C91 /* en */ = {isa = PBXFileReference; lastKnownFileType = file.storyboard; name = en; path = en.lproj/MainStoryboard.storyboard; sourceTree = "<group>"; };
		87926C1815BBF1CC00697C91 /* studio_iLeafMasterViewController.h */ = {isa = PBXFileReference; lastKnownFileType = sourcecode.c.h; path = studio_iLeafMasterViewController.h; sourceTree = "<group>"; };
		87926C1915BBF1CC00697C91 /* studio_iLeafMasterViewController.m */ = {isa = PBXFileReference; lastKnownFileType = sourcecode.c.objc; path = studio_iLeafMasterViewController.m; sourceTree = "<group>"; };
		87926C1B15BBF1CC00697C91 /* studio_iLeafDetailViewController.h */ = {isa = PBXFileReference; lastKnownFileType = sourcecode.c.h; path = studio_iLeafDetailViewController.h; sourceTree = "<group>"; };
		87926C1C15BBF1CC00697C91 /* studio_iLeafDetailViewController.m */ = {isa = PBXFileReference; lastKnownFileType = sourcecode.c.objc; path = studio_iLeafDetailViewController.m; sourceTree = "<group>"; };
/* End PBXFileReference section */

/* Begin PBXFrameworksBuildPhase section */
		87926BFC15BBF1CC00697C91 /* Frameworks */ = {
			isa = PBXFrameworksBuildPhase;
			buildActionMask = 2147483647;
			files = (
				87926C0415BBF1CC00697C91 /* UIKit.framework in Frameworks */,
				87926C0615BBF1CC00697C91 /* Foundation.framework in Frameworks */,
				87926C0815BBF1CC00697C91 /* CoreGraphics.framework in Frameworks */,
			);
			runOnlyForDeploymentPostprocessing = 0;
		};
/* End PBXFrameworksBuildPhase section */

/* Begin PBXGroup section */
		87926BF415BBF1CC00697C91 = {
			isa = PBXGroup;
			children = (
				87926C0915BBF1CC00697C91 /* SimpleTable */,
				87926C0215BBF1CC00697C91 /* Frameworks */,
				87926C0015BBF1CC00697C91 /* Products */,
			);
			sourceTree = "<group>";
		};
		87926C0015BBF1CC00697C91 /* Products */ = {
			isa = PBXGroup;
			children = (
				87926BFF15BBF1CC00697C91 /* SimpleTable.app */,
			);
			name = Products;
			sourceTree = "<group>";
		};
		87926C0215BBF1CC00697C91 /* Frameworks */ = {
			isa = PBXGroup;
			children = (
				87926C0315BBF1CC00697C91 /* UIKit.framework */,
				87926C0515BBF1CC00697C91 /* Foundation.framework */,
				87926C0715BBF1CC00697C91 /* CoreGraphics.framework */,
			);
			name = Frameworks;
			sourceTree = "<group>";
		};
		87926C0915BBF1CC00697C91 /* SimpleTable */ = {
			isa = PBXGroup;
			children = (
				87926C1215BBF1CC00697C91 /* studio_iLeafAppDelegate.h */,
				87926C1315BBF1CC00697C91 /* studio_iLeafAppDelegate.m */,
				87926C1515BBF1CC00697C91 /* MainStoryboard.storyboard */,
				87926C1815BBF1CC00697C91 /* studio_iLeafMasterViewController.h */,
				87926C1915BBF1CC00697C91 /* studio_iLeafMasterViewController.m */,
				87926C1B15BBF1CC00697C91 /* studio_iLeafDetailViewController.h */,
				87926C1C15BBF1CC00697C91 /* studio_iLeafDetailViewController.m */,
				87926C0A15BBF1CC00697C91 /* Supporting Files */,
			);
			path = SimpleTable;
			sourceTree = "<group>";
		};
		87926C0A15BBF1CC00697C91 /* Supporting Files */ = {
			isa = PBXGroup;
			children = (
				87926C0B15BBF1CC00697C91 /* SimpleTable-Info.plist */,
				87926C0C15BBF1CC00697C91 /* InfoPlist.strings */,
				87926C0F15BBF1CC00697C91 /* main.m */,
				87926C1115BBF1CC00697C91 /* SimpleTable-Prefix.pch */,
			);
			name = "Supporting Files";
			sourceTree = "<group>";
		};
/* End PBXGroup section */

/* Begin PBXNativeTarget section */
		87926BFE15BBF1CC00697C91 /* SimpleTable */ = {
			isa = PBXNativeTarget;
			buildConfigurationList = 87926C2015BBF1CC00697C91 /* Build configuration list for PBXNativeTarget "SimpleTable" */;
			buildPhases = (
				87926BFB15BBF1CC00697C91 /* Sources */,
				87926BFC15BBF1CC00697C91 /* Frameworks */,
				87926BFD15BBF1CC00697C91 /* Resources */,
			);
			buildRules = (
			);
			dependencies = (
			);
			name = SimpleTable;
			productName = SimpleTable;
			productReference = 87926BFF15BBF1CC00697C91 /* SimpleTable.app */;
			productType = "com.apple.product-type.application";
		};
/* End PBXNativeTarget section */

/* Begin PBXProject section */
		87926BF615BBF1CC00697C91 /* Project object */ = {
			isa = PBXProject;
			attributes = {
				CLASSPREFIX = studio.iLeaf;
				LastUpgradeCheck = 0430;
			};
			buildConfigurationList = 87926BF915BBF1CC00697C91 /* Build configuration list for PBXProject "SimpleTable" */;
			compatibilityVersion = "Xcode 3.2";
			developmentRegion = English;
			hasScannedForEncodings = 0;
			knownRegions = (
				en,
			);
			mainGroup = 87926BF415BBF1CC00697C91;
			productRefGroup = 87926C0015BBF1CC00697C91 /* Products */;
			projectDirPath = "";
			projectRoot = "";
			targets = (
				87926BFE15BBF1CC00697C91 /* SimpleTable */,
			);
		};
/* End PBXProject section */

/* Begin PBXResourcesBuildPhase section */
		87926BFD15BBF1CC00697C91 /* Resources */ = {
			isa = PBXResourcesBuildPhase;
			buildActionMask = 2147483647;
			files = (
				87926C0E15BBF1CC00697C91 /* InfoPlist.strings in Resources */,
				87926C1715BBF1CC00697C91 /* MainStoryboard.storyboard in Resources */,
			);
			runOnlyForDeploymentPostprocessing = 0;
		};
/* End PBXResourcesBuildPhase section */

/* Begin PBXSourcesBuildPhase section */
		87926BFB15BBF1CC00697C91 /* Sources */ = {
			isa = PBXSourcesBuildPhase;
			buildActionMask = 2147483647;
			files = (
				87926C1015BBF1CC00697C91 /* main.m in Sources */,
				87926C1415BBF1CC00697C91 /* studio_iLeafAppDelegate.m in Sources */,
				87926C1A15BBF1CC00697C91 /* studio_iLeafMasterViewController.m in Sources */,
				87926C1D15BBF1CC00697C91 /* studio_iLeafDetailViewController.m in Sources */,
			);
			runOnlyForDeploymentPostprocessing = 0;
		};
/* End PBXSourcesBuildPhase section */

/* Begin PBXVariantGroup section */
		87926C0C15BBF1CC00697C91 /* InfoPlist.strings */ = {
			isa = PBXVariantGroup;
			children = (
				87926C0D15BBF1CC00697C91 /* en */,
			);
			name = InfoPlist.strings;
			sourceTree = "<group>";
		};
		87926C1515BBF1CC00697C91 /* MainStoryboard.storyboard */ = {
			isa = PBXVariantGroup;
			children = (
				87926C1615BBF1CC00697C91 /* en */,
			);
			name = MainStoryboard.storyboard;
			sourceTree = "<group>";
		};
/* End PBXVariantGroup section */

/* Begin XCBuildConfiguration section */
		87926C1E15BBF1CC00697C91 /* Debug */ = {
			isa = XCBuildConfiguration;
			buildSettings = {
				ALWAYS_SEARCH_USER_PATHS = NO;
				ARCHS = "$(ARCHS_STANDARD_32_BIT)";
				CLANG_ENABLE_OBJC_ARC = YES;
				"CODE_SIGN_IDENTITY[sdk=iphoneos*]" = "iPhone Developer";
				COPY_PHASE_STRIP = NO;
				GCC_C_LANGUAGE_STANDARD = gnu99;
				GCC_DYNAMIC_NO_PIC = NO;
				GCC_OPTIMIZATION_LEVEL = 0;
				GCC_PREPROCESSOR_DEFINITIONS = (
					"DEBUG=1",
					"$(inherited)",
				);
				GCC_SYMBOLS_PRIVATE_EXTERN = NO;
				GCC_VERSION = com.apple.compilers.llvm.clang.1_0;
				GCC_WARN_ABOUT_RETURN_TYPE = YES;
				GCC_WARN_UNINITIALIZED_AUTOS = YES;
				GCC_WARN_UNUSED_VARIABLE = YES;
				IPHONEOS_DEPLOYMENT_TARGET = 5.1;
				SDKROOT = iphoneos;
			};
			name = Debug;
		};
		87926C1F15BBF1CC00697C91 /* Release */ = {
			isa = XCBuildConfiguration;
			buildSettings = {
				ALWAYS_SEARCH_USER_PATHS = NO;
				ARCHS = "$(ARCHS_STANDARD_32_BIT)";
				CLANG_ENABLE_OBJC_ARC = YES;
				"CODE_SIGN_IDENTITY[sdk=iphoneos*]" = "iPhone Developer";
				COPY_PHASE_STRIP = YES;
				GCC_C_LANGUAGE_STANDARD = gnu99;
				GCC_VERSION = com.apple.compilers.llvm.clang.1_0;
				GCC_WARN_ABOUT_RETURN_TYPE = YES;
				GCC_WARN_UNINITIALIZED_AUTOS = YES;
				GCC_WARN_UNUSED_VARIABLE = YES;
				IPHONEOS_DEPLOYMENT_TARGET = 5.1;
				OTHER_CFLAGS = "-DNS_BLOCK_ASSERTIONS=1";
				SDKROOT = iphoneos;
				VALIDATE_PRODUCT = YES;
			};
			name = Release;
		};
		87926C2115BBF1CC00697C91 /* Debug */ = {
			isa = XCBuildConfiguration;
			buildSettings = {
				GCC_PRECOMPILE_PREFIX_HEADER = YES;
				GCC_PREFIX_HEADER = "SimpleTable/SimpleTable-Prefix.pch";
				INFOPLIST_FILE = "SimpleTable/SimpleTable-Info.plist";
				IPHONEOS_DEPLOYMENT_TARGET = 5.0;
				PRODUCT_NAME = "$(TARGET_NAME)";
				WRAPPER_EXTENSION = app;
			};
			name = Debug;
		};
		87926C2215BBF1CC00697C91 /* Release */ = {
			isa = XCBuildConfiguration;
			buildSettings = {
				GCC_PRECOMPILE_PREFIX_HEADER = YES;
				GCC_PREFIX_HEADER = "SimpleTable/SimpleTable-Prefix.pch";
				INFOPLIST_FILE = "SimpleTable/SimpleTable-Info.plist";
				IPHONEOS_DEPLOYMENT_TARGET = 5.0;
				PRODUCT_NAME = "$(TARGET_NAME)";
				WRAPPER_EXTENSION = app;
			};
			name = Release;
		};
/* End XCBuildConfiguration section */

/* Begin XCConfigurationList section */
		87926BF915BBF1CC00697C91 /* Build configuration list for PBXProject "SimpleTable" */ = {
			isa = XCConfigurationList;
			buildConfigurations = (
				87926C1E15BBF1CC00697C91 /* Debug */,
				87926C1F15BBF1CC00697C91 /* Release */,
			);
			defaultConfigurationIsVisible = 0;
			defaultConfigurationName = Release;
		};
		87926C2015BBF1CC00697C91 /* Build configuration list for PBXNativeTarget "SimpleTable" */ = {
			isa = XCConfigurationList;
			buildConfigurations = (
				87926C2115BBF1CC00697C91 /* Debug */,
				87926C2215BBF1CC00697C91 /* Release */,
			);
			defaultConfigurationIsVisible = 0;
		};
/* End XCConfigurationList section */
	};
	rootObject = 87926BF615BBF1CC00697C91 /* Project object */;
}
